
Microsoft Visual Studio Solution File, Format Version 12.00
# Visual Studio Version 17
VisualStudioVersion = 17.3.32929.385
MinimumVisualStudioVersion = 10.0.40219.1
Project("{FAE04EC0-301F-11D3-BF4B-00C04F79EFBC}") = "CrashVision", "CrashVision.csproj", "{98005C3D-6A88-4DAF-A899-A3A6E9832E65}"
EndProject
Global
	GlobalSection(SolutionConfigurationPlatforms) = preSolution
		Debug|Any CPU = Debug|Any CPU
		Release|Any CPU = Release|Any CPU
	EndGlobalSection
	GlobalSection(ProjectConfigurationPlatforms) = postSolution
		{98005C3D-6A88-4DAF-A899-A3A6E9832E65}.Debug|Any CPU.ActiveCfg = Debug|Any CPU
		{98005C3D-6A88-4DAF-A899-A3A6E9832E65}.Debug|Any CPU.Build.0 = Debug|Any CPU
		{98005C3D-6A88-4DAF-A899-A3A6E9832E65}.Release|Any CPU.ActiveCfg = Release|Any CPU
		{98005C3D-6A88-4DAF-A899-A3A6E9832E65}.Release|Any CPU.Build.0 = Release|Any CPU
	EndGlobalSection
	GlobalSection(SolutionProperties) = preSolution
		HideSolutionNode = FALSE
	EndGlobalSection
	GlobalSection(ExtensibilityGlobals) = postSolution
		SolutionGuid = {A202E504-9396-460E-84F0-1D74C929AD5B}
	EndGlobalSection
EndGlobal
